<?xml version="1.0" encoding="utf-8"?>
<Project ToolsVersion="4.0" xmlns="http://schemas.microsoft.com/developer/msbuild/2003">
  <ItemGroup>
    <Filter Include="Source Files">
      <UniqueIdentifier>{4FC737F1-C7A5-4376-A066-2A32D752A2FF}</UniqueIdentifier>
      <Extensions>cpp;c;cc;cxx;def;odl;idl;hpj;bat;asm;asmx</Extensions>
    </Filter>
    <Filter Include="Header Files">
      <UniqueIdentifier>{93995380-89BD-4b04-88EB-625FBE52EBFB}</UniqueIdentifier>
      <Extensions>h;hh;hpp;hxx;hm;inl;inc;xsd</Extensions>
    </Filter>
    <Filter Include="Resource Files">
      <UniqueIdentifier>{67DA6AB6-F800-4c08-8B7A-83BB121AAD01}</UniqueIdentifier>
      <Extensions>rc;ico;cur;bmp;dlg;rc2;rct;bin;rgs;gif;jpg;jpeg;jpe;resx;tiff;tif;png;wav;mfcribbon-ms</Extensions>
    </Filter>
  </ItemGroup>
  <ItemGroup>
    <ClCompile Include="main.cpp">
      <Filter>Source Files</Filter>
    </ClCompile>
    <ClCompile Include="source\Player.cpp">
      <Filter>Source Files</Filter>
    </ClCompile>
    <ClCompile Include="source\CommandQueue.cpp">
      <Filter>Source Files</Filter>
    </ClCompile>
    <ClCompile Include="source\Pacman.cpp">
      <Filter>Source Files</Filter>
    </ClCompile>
    <ClCompile Include="source\GameApp.cpp">
      <Filter>Source Files</Filter>
    </ClCompile>
    <ClCompile Include="source\World.cpp">
      <Filter>Source Files</Filter>
    </ClCompile>
    <ClCompile Include="source\SceneNode.cpp">
      <Filter>Source Files</Filter>
    </ClCompile>
    <ClCompile Include="source\Entity.cpp">
      <Filter>Source Files</Filter>
    </ClCompile>
    <ClCompile Include="source\State.cpp">
      <Filter>Source Files</Filter>
    </ClCompile>
    <ClCompile Include="source\GameState.cpp">
      <Filter>Source Files</Filter>
    </ClCompile>
    <ClCompile Include="source\StateStack.cpp">
      <Filter>Source Files</Filter>
    </ClCompile>
    <ClCompile Include="source\LogoState.cpp">
      <Filter>Source Files</Filter>
    </ClCompile>
    <ClCompile Include="source\ScreenEffect.cpp">
      <Filter>Source Files</Filter>
    </ClCompile>
    <ClCompile Include="source\ScreenAffectors.cpp">
      <Filter>Source Files</Filter>
    </ClCompile>
    <ClCompile Include="source\Map.cpp">
      <Filter>Source Files</Filter>
    </ClCompile>
    <ClCompile Include="puig_XML\pugixml.cpp">
      <Filter>Source Files</Filter>
    </ClCompile>
    <ClCompile Include="source\Collider.cpp">
      <Filter>Source Files</Filter>
    </ClCompile>
    <ClCompile Include="source\Ghost.cpp">
      <Filter>Source Files</Filter>
    </ClCompile>
    <ClCompile Include="source\MoveableObject.cpp">
      <Filter>Source Files</Filter>
    </ClCompile>
    <ClCompile Include="source\StaticObject.cpp">
      <Filter>Source Files</Filter>
    </ClCompile>
    <ClCompile Include="source\PickupObject.cpp">
      <Filter>Source Files</Filter>
    </ClCompile>
    <ClCompile Include="source\Warp.cpp">
      <Filter>Source Files</Filter>
    </ClCompile>
    <ClCompile Include="source\Text.cpp">
      <Filter>Source Files</Filter>
    </ClCompile>
    <ClCompile Include="source\Image.cpp">
      <Filter>Source Files</Filter>
    </ClCompile>
    <ClCompile Include="source\ImageContainer.cpp">
      <Filter>Source Files</Filter>
    </ClCompile>
    <ClCompile Include="source\SoundNode.cpp">
      <Filter>Source Files</Filter>
    </ClCompile>
    <ClCompile Include="source\StartState.cpp">
      <Filter>Source Files</Filter>
    </ClCompile>
  </ItemGroup>
  <ItemGroup>
    <ClInclude Include="header\Animation.h">
      <Filter>Header Files</Filter>
    </ClInclude>
    <ClInclude Include="header\Player.h">
      <Filter>Header Files</Filter>
    </ClInclude>
    <ClInclude Include="header\Command.h">
      <Filter>Header Files</Filter>
    </ClInclude>
    <ClInclude Include="header\CommandQueue.h">
      <Filter>Header Files</Filter>
    </ClInclude>
    <ClInclude Include="header\Pacman.h">
      <Filter>Header Files</Filter>
    </ClInclude>
    <ClInclude Include="header\ResourceTypes.h">
      <Filter>Header Files</Filter>
    </ClInclude>
    <ClInclude Include="header\Resources.h">
      <Filter>Header Files</Filter>
    </ClInclude>
    <ClInclude Include="header\GameApp.h">
      <Filter>Header Files</Filter>
    </ClInclude>
    <ClInclude Include="header\World.h">
      <Filter>Header Files</Filter>
    </ClInclude>
    <ClInclude Include="header\SceneNode.h">
      <Filter>Header Files</Filter>
    </ClInclude>
    <ClInclude Include="header\Entity.h">
      <Filter>Header Files</Filter>
    </ClInclude>
    <ClInclude Include="header\State.h">
      <Filter>Header Files</Filter>
    </ClInclude>
    <ClInclude Include="header\GameState.h">
      <Filter>Header Files</Filter>
    </ClInclude>
    <ClInclude Include="header\StateStack.h">
      <Filter>Header Files</Filter>
    </ClInclude>
    <ClInclude Include="header\LogoState.h">
      <Filter>Header Files</Filter>
    </ClInclude>
    <ClInclude Include="header\ScreenEffect.h">
      <Filter>Header Files</Filter>
    </ClInclude>
    <ClInclude Include="header\ScreenAffector.h">
      <Filter>Header Files</Filter>
    </ClInclude>
    <ClInclude Include="header\ScreenAffectors.h">
      <Filter>Header Files</Filter>
    </ClInclude>
    <ClInclude Include="header\Map.h">
      <Filter>Header Files</Filter>
    </ClInclude>
    <ClInclude Include="puig_XML\pugixml.hpp">
      <Filter>Header Files</Filter>
    </ClInclude>
    <ClInclude Include="header\Collider.h">
      <Filter>Header Files</Filter>
    </ClInclude>
    <ClInclude Include="header\Ghost.h">
      <Filter>Header Files</Filter>
    </ClInclude>
    <ClInclude Include="header\MoveableObject.h">
      <Filter>Header Files</Filter>
    </ClInclude>
    <ClInclude Include="header\StaticObject.h">
      <Filter>Header Files</Filter>
    </ClInclude>
    <ClInclude Include="header\PickupObject.h">
      <Filter>Header Files</Filter>
    </ClInclude>
    <ClInclude Include="header\EntityState.h">
      <Filter>Header Files</Filter>
    </ClInclude>
    <ClInclude Include="header\StateMachine.h">
      <Filter>Header Files</Filter>
    </ClInclude>
    <ClInclude Include="header\Warp.h">
      <Filter>Header Files</Filter>
    </ClInclude>
    <ClInclude Include="header\Text.h">
      <Filter>Header Files</Filter>
    </ClInclude>
    <ClInclude Include="header\Image.h">
      <Filter>Header Files</Filter>
    </ClInclude>
    <ClInclude Include="header\ImageContainer.h">
      <Filter>Header Files</Filter>
    </ClInclude>
    <ClInclude Include="header\SoundNode.h">
      <Filter>Header Files</Filter>
    </ClInclude>
    <ClInclude Include="header\StartState.h">
      <Filter>Header Files</Filter>
    </ClInclude>
  </ItemGroup>
</Project>